
Microsoft Visual Studio Solution File, Format Version 12.00
# Visual Studio Version 17
VisualStudioVersion = 17.7.34024.191
MinimumVisualStudioVersion = 10.0.40219.1
Project("{FAE04EC0-301F-11D3-BF4B-00C04F79EFBC}") = "projektick", "projektick.csproj", "{F902E709-2557-4B99-B2A1-9AC2B74A1895}"
EndProject
Global
	GlobalSection(SolutionConfigurationPlatforms) = preSolution
		Debug|Any CPU = Debug|Any CPU
		Release|Any CPU = Release|Any CPU
	EndGlobalSection
	GlobalSection(ProjectConfigurationPlatforms) = postSolution
		{F902E709-2557-4B99-B2A1-9AC2B74A1895}.Debug|Any CPU.ActiveCfg = Debug|Any CPU
		{F902E709-2557-4B99-B2A1-9AC2B74A1895}.Debug|Any CPU.Build.0 = Debug|Any CPU
		{F902E709-2557-4B99-B2A1-9AC2B74A1895}.Release|Any CPU.ActiveCfg = Release|Any CPU
		{F902E709-2557-4B99-B2A1-9AC2B74A1895}.Release|Any CPU.Build.0 = Release|Any CPU
	EndGlobalSection
	GlobalSection(SolutionProperties) = preSolution
		HideSolutionNode = FALSE
	EndGlobalSection
	GlobalSection(ExtensibilityGlobals) = postSolution
		SolutionGuid = {772F40E8-9080-4720-998E-07F5AC6F82EE}
	EndGlobalSection
EndGlobal
